{
  "name": "html",
  "version": "1.0.0",
  "lockfileVersion": 1,
  "requires": true,
  "dependencies": {
    "intercooler": {
      "version": "1.2.3",
      "resolved": "https://registry.npmjs.org/intercooler/-/intercooler-1.2.3.tgz",
      "integrity": "sha512-rbgvkXJzRwZlb5UhP1JVzJLT45UEx7hyLB6f97K+ll/s2L4O82Gx8f3ZNdB6oZD6CwYM2Nr0MemOE0u+RovZAQ=="
    },
    "jquery": {
      "version": "3.4.1",
      "resolved": "https://registry.npmjs.org/jquery/-/jquery-3.4.1.tgz",
      "integrity": "sha512-36+AdBzCL+y6qjw5Tx7HgzeGCzC81MDDgaUP8ld2zhx58HdqXGoBd+tHdrBMiyjGQs0Hxs/MLZTu/eHNJJuWPw=="
    }
  }
}
